
Microsoft Visual Studio Solution File, Format Version 12.00
# Visual Studio Version 17
VisualStudioVersion = 17.6.33815.320
MinimumVisualStudioVersion = 10.0.40219.1
Project("{FAE04EC0-301F-11D3-BF4B-00C04F79EFBC}") = "ReactCURD_EX", "ReactCURD_EX\ReactCURD_EX.csproj", "{5369D170-B916-451D-822E-95455876D73B}"
EndProject
Global
	GlobalSection(SolutionConfigurationPlatforms) = preSolution
		Debug|Any CPU = Debug|Any CPU
		Release|Any CPU = Release|Any CPU
	EndGlobalSection
	GlobalSection(ProjectConfigurationPlatforms) = postSolution
		{5369D170-B916-451D-822E-95455876D73B}.Debug|Any CPU.ActiveCfg = Debug|Any CPU
		{5369D170-B916-451D-822E-95455876D73B}.Debug|Any CPU.Build.0 = Debug|Any CPU
		{5369D170-B916-451D-822E-95455876D73B}.Release|Any CPU.ActiveCfg = Release|Any CPU
		{5369D170-B916-451D-822E-95455876D73B}.Release|Any CPU.Build.0 = Release|Any CPU
	EndGlobalSection
	GlobalSection(SolutionProperties) = preSolution
		HideSolutionNode = FALSE
	EndGlobalSection
	GlobalSection(ExtensibilityGlobals) = postSolution
		SolutionGuid = {5CB12D8F-6558-434A-87D0-0C5CCB51720C}
	EndGlobalSection
EndGlobal
